// !$*UTF8*$!
{
	archiveVersion = 1;
	classes = {
	};
	objectVersion = 46;
	objects = {

/* Begin PBXBuildFile section */
		FF48EEDD1EE9E86A00EF8F83 /* AppDelegate.swift in Sources */ = {isa = PBXBuildFile; fileRef = FF48EEDC1EE9E86A00EF8F83 /* AppDelegate.swift */; };
		FF48EEDF1EE9E86A00EF8F83 /* ViewController.swift in Sources */ = {isa = PBXBuildFile; fileRef = FF48EEDE1EE9E86A00EF8F83 /* ViewController.swift */; };
		FF48EEE21EE9E86A00EF8F83 /* Main.storyboard in Resources */ = {isa = PBXBuildFile; fileRef = FF48EEE01EE9E86A00EF8F83 /* Main.storyboard */; };
		FF48EEE41EE9E86A00EF8F83 /* Assets.xcassets in Resources */ = {isa = PBXBuildFile; fileRef = FF48EEE31EE9E86A00EF8F83 /* Assets.xcassets */; };
		FF48EEE71EE9E86A00EF8F83 /* LaunchScreen.storyboard in Resources */ = {isa = PBXBuildFile; fileRef = FF48EEE51EE9E86A00EF8F83 /* LaunchScreen.storyboard */; };
		FF48EEF21EE9E86A00EF8F83 /* Farsi_CalculatorTests.swift in Sources */ = {isa = PBXBuildFile; fileRef = FF48EEF11EE9E86A00EF8F83 /* Farsi_CalculatorTests.swift */; };
		FF48EEFD1EE9E86A00EF8F83 /* Farsi_CalculatorUITests.swift in Sources */ = {isa = PBXBuildFile; fileRef = FF48EEFC1EE9E86A00EF8F83 /* Farsi_CalculatorUITests.swift */; };
/* End PBXBuildFile section */

/* Begin PBXContainerItemProxy section */
		FF48EEEE1EE9E86A00EF8F83 /* PBXContainerItemProxy */ = {
			isa = PBXContainerItemProxy;
			containerPortal = FF48EED11EE9E86A00EF8F83 /* Project object */;
			proxyType = 1;
			remoteGlobalIDString = FF48EED81EE9E86A00EF8F83;
			remoteInfo = "Farsi Calculator";
		};
		FF48EEF91EE9E86A00EF8F83 /* PBXContainerItemProxy */ = {
			isa = PBXContainerItemProxy;
			containerPortal = FF48EED11EE9E86A00EF8F83 /* Project object */;
			proxyType = 1;
			remoteGlobalIDString = FF48EED81EE9E86A00EF8F83;
			remoteInfo = "Farsi Calculator";
		};
/* End PBXContainerItemProxy section */

/* Begin PBXFileReference section */
		FF48EED91EE9E86A00EF8F83 /* Farsi Calculator.app */ = {isa = PBXFileReference; explicitFileType = wrapper.application; includeInIndex = 0; path = "Farsi Calculator.app"; sourceTree = BUILT_PRODUCTS_DIR; };
		FF48EEDC1EE9E86A00EF8F83 /* AppDelegate.swift */ = {isa = PBXFileReference; lastKnownFileType = sourcecode.swift; path = AppDelegate.swift; sourceTree = "<group>"; };
		FF48EEDE1EE9E86A00EF8F83 /* ViewController.swift */ = {isa = PBXFileReference; lastKnownFileType = sourcecode.swift; path = ViewController.swift; sourceTree = "<group>"; };
		FF48EEE11EE9E86A00EF8F83 /* Base */ = {isa = PBXFileReference; lastKnownFileType = file.storyboard; name = Base; path = Base.lproj/Main.storyboard; sourceTree = "<group>"; };
		FF48EEE31EE9E86A00EF8F83 /* Assets.xcassets */ = {isa = PBXFileReference; lastKnownFileType = folder.assetcatalog; path = Assets.xcassets; sourceTree = "<group>"; };
		FF48EEE61EE9E86A00EF8F83 /* Base */ = {isa = PBXFileReference; lastKnownFileType = file.storyboard; name = Base; path = Base.lproj/LaunchScreen.storyboard; sourceTree = "<group>"; };
		FF48EEE81EE9E86A00EF8F83 /* Info.plist */ = {isa = PBXFileReference; lastKnownFileType = text.plist.xml; path = Info.plist; sourceTree = "<group>"; };
		FF48EEED1EE9E86A00EF8F83 /* Farsi CalculatorTests.xctest */ = {isa = PBXFileReference; explicitFileType = wrapper.cfbundle; includeInIndex = 0; path = "Farsi CalculatorTests.xctest"; sourceTree = BUILT_PRODUCTS_DIR; };
		FF48EEF11EE9E86A00EF8F83 /* Farsi_CalculatorTests.swift */ = {isa = PBXFileReference; lastKnownFileType = sourcecode.swift; path = Farsi_CalculatorTests.swift; sourceTree = "<group>"; };
		FF48EEF31EE9E86A00EF8F83 /* Info.plist */ = {isa = PBXFileReference; lastKnownFileType = text.plist.xml; path = Info.plist; sourceTree = "<group>"; };
		FF48EEF81EE9E86A00EF8F83 /* Farsi CalculatorUITests.xctest */ = {isa = PBXFileReference; explicitFileType = wrapper.cfbundle; includeInIndex = 0; path = "Farsi CalculatorUITests.xctest"; sourceTree = BUILT_PRODUCTS_DIR; };
		FF48EEFC1EE9E86A00EF8F83 /* Farsi_CalculatorUITests.swift */ = {isa = PBXFileReference; lastKnownFileType = sourcecode.swift; path = Farsi_CalculatorUITests.swift; sourceTree = "<group>"; };
		FF48EEFE1EE9E86A00EF8F83 /* Info.plist */ = {isa = PBXFileReference; lastKnownFileType = text.plist.xml; path = Info.plist; sourceTree = "<group>"; };
/* End PBXFileReference section */

/* Begin PBXFrameworksBuildPhase section */
		FF48EED61EE9E86A00EF8F83 /* Frameworks */ = {
			isa = PBXFrameworksBuildPhase;
			buildActionMask = 2147483647;
			files = (
			);
			runOnlyForDeploymentPostprocessing = 0;
		};
		FF48EEEA1EE9E86A00EF8F83 /* Frameworks */ = {
			isa = PBXFrameworksBuildPhase;
			buildActionMask = 2147483647;
			files = (
			);
			runOnlyForDeploymentPostprocessing = 0;
		};
		FF48EEF51EE9E86A00EF8F83 /* Frameworks */ = {
			isa = PBXFrameworksBuildPhase;
			buildActionMask = 2147483647;
			files = (
			);
			runOnlyForDeploymentPostprocessing = 0;
		};
/* End PBXFrameworksBuildPhase section */

/* Begin PBXGroup section */
		FF48EED01EE9E86A00EF8F83 = {
			isa = PBXGroup;
			children = (
				FF48EEDB1EE9E86A00EF8F83 /* Farsi Calculator */,
				FF48EEF01EE9E86A00EF8F83 /* Farsi CalculatorTests */,
				FF48EEFB1EE9E86A00EF8F83 /* Farsi CalculatorUITests */,
				FF48EEDA1EE9E86A00EF8F83 /* Products */,
			);
			sourceTree = "<group>";
		};
		FF48EEDA1EE9E86A00EF8F83 /* Products */ = {
			isa = PBXGroup;
			children = (
				FF48EED91EE9E86A00EF8F83 /* Farsi Calculator.app */,
				FF48EEED1EE9E86A00EF8F83 /* Farsi CalculatorTests.xctest */,
				FF48EEF81EE9E86A00EF8F83 /* Farsi CalculatorUITests.xctest */,
			);
			name = Products;
			sourceTree = "<group>";
		};
		FF48EEDB1EE9E86A00EF8F83 /* Farsi Calculator */ = {
			isa = PBXGroup;
			children = (
				FF48EEDC1EE9E86A00EF8F83 /* AppDelegate.swift */,
				FF48EEDE1EE9E86A00EF8F83 /* ViewController.swift */,
				FF48EEE01EE9E86A00EF8F83 /* Main.storyboard */,
				FF48EEE31EE9E86A00EF8F83 /* Assets.xcassets */,
				FF48EEE51EE9E86A00EF8F83 /* LaunchScreen.storyboard */,
				FF48EEE81EE9E86A00EF8F83 /* Info.plist */,
			);
			path = "Farsi Calculator";
			sourceTree = "<group>";
		};
		FF48EEF01EE9E86A00EF8F83 /* Farsi CalculatorTests */ = {
			isa = PBXGroup;
			children = (
				FF48EEF11EE9E86A00EF8F83 /* Farsi_CalculatorTests.swift */,
				FF48EEF31EE9E86A00EF8F83 /* Info.plist */,
			);
			path = "Farsi CalculatorTests";
			sourceTree = "<group>";
		};
		FF48EEFB1EE9E86A00EF8F83 /* Farsi CalculatorUITests */ = {
			isa = PBXGroup;
			children = (
				FF48EEFC1EE9E86A00EF8F83 /* Farsi_CalculatorUITests.swift */,
				FF48EEFE1EE9E86A00EF8F83 /* Info.plist */,
			);
			path = "Farsi CalculatorUITests";
			sourceTree = "<group>";
		};
/* End PBXGroup section */

/* Begin PBXNativeTarget section */
		FF48EED81EE9E86A00EF8F83 /* Farsi Calculator */ = {
			isa = PBXNativeTarget;
			buildConfigurationList = FF48EF011EE9E86A00EF8F83 /* Build configuration list for PBXNativeTarget "Farsi Calculator" */;
			buildPhases = (
				FF48EED51EE9E86A00EF8F83 /* Sources */,
				FF48EED61EE9E86A00EF8F83 /* Frameworks */,
				FF48EED71EE9E86A00EF8F83 /* Resources */,
			);
			buildRules = (
			);
			dependencies = (
			);
			name = "Farsi Calculator";
			productName = "Farsi Calculator";
			productReference = FF48EED91EE9E86A00EF8F83 /* Farsi Calculator.app */;
			productType = "com.apple.product-type.application";
		};
		FF48EEEC1EE9E86A00EF8F83 /* Farsi CalculatorTests */ = {
			isa = PBXNativeTarget;
			buildConfigurationList = FF48EF041EE9E86A00EF8F83 /* Build configuration list for PBXNativeTarget "Farsi CalculatorTests" */;
			buildPhases = (
				FF48EEE91EE9E86A00EF8F83 /* Sources */,
				FF48EEEA1EE9E86A00EF8F83 /* Frameworks */,
				FF48EEEB1EE9E86A00EF8F83 /* Resources */,
			);
			buildRules = (
			);
			dependencies = (
				FF48EEEF1EE9E86A00EF8F83 /* PBXTargetDependency */,
			);
			name = "Farsi CalculatorTests";
			productName = "Farsi CalculatorTests";
			productReference = FF48EEED1EE9E86A00EF8F83 /* Farsi CalculatorTests.xctest */;
			productType = "com.apple.product-type.bundle.unit-test";
		};
		FF48EEF71EE9E86A00EF8F83 /* Farsi CalculatorUITests */ = {
			isa = PBXNativeTarget;
			buildConfigurationList = FF48EF071EE9E86A00EF8F83 /* Build configuration list for PBXNativeTarget "Farsi CalculatorUITests" */;
			buildPhases = (
				FF48EEF41EE9E86A00EF8F83 /* Sources */,
				FF48EEF51EE9E86A00EF8F83 /* Frameworks */,
				FF48EEF61EE9E86A00EF8F83 /* Resources */,
			);
			buildRules = (
			);
			dependencies = (
				FF48EEFA1EE9E86A00EF8F83 /* PBXTargetDependency */,
			);
			name = "Farsi CalculatorUITests";
			productName = "Farsi CalculatorUITests";
			productReference = FF48EEF81EE9E86A00EF8F83 /* Farsi CalculatorUITests.xctest */;
			productType = "com.apple.product-type.bundle.ui-testing";
		};
/* End PBXNativeTarget section */

/* Begin PBXProject section */
		FF48EED11EE9E86A00EF8F83 /* Project object */ = {
			isa = PBXProject;
			attributes = {
				LastSwiftUpdateCheck = 0830;
				LastUpgradeCheck = 0830;
				ORGANIZATIONNAME = "Amid Sedghi";
				TargetAttributes = {
					FF48EED81EE9E86A00EF8F83 = {
						CreatedOnToolsVersion = 8.3.2;
						ProvisioningStyle = Automatic;
					};
					FF48EEEC1EE9E86A00EF8F83 = {
						CreatedOnToolsVersion = 8.3.2;
						ProvisioningStyle = Automatic;
						TestTargetID = FF48EED81EE9E86A00EF8F83;
					};
					FF48EEF71EE9E86A00EF8F83 = {
						CreatedOnToolsVersion = 8.3.2;
						ProvisioningStyle = Automatic;
						TestTargetID = FF48EED81EE9E86A00EF8F83;
					};
				};
			};
			buildConfigurationList = FF48EED41EE9E86A00EF8F83 /* Build configuration list for PBXProject "Farsi Calculator" */;
			compatibilityVersion = "Xcode 3.2";
			developmentRegion = English;
			hasScannedForEncodings = 0;
			knownRegions = (
				en,
				Base,
			);
			mainGroup = FF48EED01EE9E86A00EF8F83;
			productRefGroup = FF48EEDA1EE9E86A00EF8F83 /* Products */;
			projectDirPath = "";
			projectRoot = "";
			targets = (
				FF48EED81EE9E86A00EF8F83 /* Farsi Calculator */,
				FF48EEEC1EE9E86A00EF8F83 /* Farsi CalculatorTests */,
				FF48EEF71EE9E86A00EF8F83 /* Farsi CalculatorUITests */,
			);
		};
/* End PBXProject section */

/* Begin PBXResourcesBuildPhase section */
		FF48EED71EE9E86A00EF8F83 /* Resources */ = {
			isa = PBXResourcesBuildPhase;
			buildActionMask = 2147483647;
			files = (
				FF48EEE71EE9E86A00EF8F83 /* LaunchScreen.storyboard in Resources */,
				FF48EEE41EE9E86A00EF8F83 /* Assets.xcassets in Resources */,
				FF48EEE21EE9E86A00EF8F83 /* Main.storyboard in Resources */,
			);
			runOnlyForDeploymentPostprocessing = 0;
		};
		FF48EEEB1EE9E86A00EF8F83 /* Resources */ = {
			isa = PBXResourcesBuildPhase;
			buildActionMask = 2147483647;
			files = (
			);
			runOnlyForDeploymentPostprocessing = 0;
		};
		FF48EEF61EE9E86A00EF8F83 /* Resources */ = {
			isa = PBXResourcesBuildPhase;
			buildActionMask = 2147483647;
			files = (
			);
			runOnlyForDeploymentPostprocessing = 0;
		};
/* End PBXResourcesBuildPhase section */

/* Begin PBXSourcesBuildPhase section */
		FF48EED51EE9E86A00EF8F83 /* Sources */ = {
			isa = PBXSourcesBuildPhase;
			buildActionMask = 2147483647;
			files = (
				FF48EEDF1EE9E86A00EF8F83 /* ViewController.swift in Sources */,
				FF48EEDD1EE9E86A00EF8F83 /* AppDelegate.swift in Sources */,
			);
			runOnlyForDeploymentPostprocessing = 0;
		};
		FF48EEE91EE9E86A00EF8F83 /* Sources */ = {
			isa = PBXSourcesBuildPhase;
			buildActionMask = 2147483647;
			files = (
				FF48EEF21EE9E86A00EF8F83 /* Farsi_CalculatorTests.swift in Sources */,
			);
			runOnlyForDeploymentPostprocessing = 0;
		};
		FF48EEF41EE9E86A00EF8F83 /* Sources */ = {
			isa = PBXSourcesBuildPhase;
			buildActionMask = 2147483647;
			files = (
				FF48EEFD1EE9E86A00EF8F83 /* Farsi_CalculatorUITests.swift in Sources */,
			);
			runOnlyForDeploymentPostprocessing = 0;
		};
/* End PBXSourcesBuildPhase section */

/* Begin PBXTargetDependency section */
		FF48EEEF1EE9E86A00EF8F83 /* PBXTargetDependency */ = {
			isa = PBXTargetDependency;
			target = FF48EED81EE9E86A00EF8F83 /* Farsi Calculator */;
			targetProxy = FF48EEEE1EE9E86A00EF8F83 /* PBXContainerItemProxy */;
		};
		FF48EEFA1EE9E86A00EF8F83 /* PBXTargetDependency */ = {
			isa = PBXTargetDependency;
			target = FF48EED81EE9E86A00EF8F83 /* Farsi Calculator */;
			targetProxy = FF48EEF91EE9E86A00EF8F83 /* PBXContainerItemProxy */;
		};
/* End PBXTargetDependency section */

/* Begin PBXVariantGroup section */
		FF48EEE01EE9E86A00EF8F83 /* Main.storyboard */ = {
			isa = PBXVariantGroup;
			children = (
				FF48EEE11EE9E86A00EF8F83 /* Base */,
			);
			name = Main.storyboard;
			sourceTree = "<group>";
		};
		FF48EEE51EE9E86A00EF8F83 /* LaunchScreen.storyboard */ = {
			isa = PBXVariantGroup;
			children = (
				FF48EEE61EE9E86A00EF8F83 /* Base */,
			);
			name = LaunchScreen.storyboard;
			sourceTree = "<group>";
		};
/* End PBXVariantGroup section */

/* Begin XCBuildConfiguration section */
		FF48EEFF1EE9E86A00EF8F83 /* Debug */ = {
			isa = XCBuildConfiguration;
			buildSettings = {
				ALWAYS_SEARCH_USER_PATHS = NO;
				CLANG_ANALYZER_NONNULL = YES;
				CLANG_ANALYZER_NUMBER_OBJECT_CONVERSION = YES_AGGRESSIVE;
				CLANG_CXX_LANGUAGE_STANDARD = "gnu++0x";
				CLANG_CXX_LIBRARY = "libc++";
				CLANG_ENABLE_MODULES = YES;
				CLANG_ENABLE_OBJC_ARC = YES;
				CLANG_WARN_BOOL_CONVERSION = YES;
				CLANG_WARN_CONSTANT_CONVERSION = YES;
				CLANG_WARN_DIRECT_OBJC_ISA_USAGE = YES_ERROR;
				CLANG_WARN_DOCUMENTATION_COMMENTS = YES;
				CLANG_WARN_EMPTY_BODY = YES;
				CLANG_WARN_ENUM_CONVERSION = YES;
				CLANG_WARN_INFINITE_RECURSION = YES;
				CLANG_WARN_INT_CONVERSION = YES;
				CLANG_WARN_OBJC_ROOT_CLASS = YES_ERROR;
				CLANG_WARN_SUSPICIOUS_MOVE = YES;
				CLANG_WARN_UNREACHABLE_CODE = YES;
				CLANG_WARN__DUPLICATE_METHOD_MATCH = YES;
				"CODE_SIGN_IDENTITY[sdk=iphoneos*]" = "iPhone Developer";
				COPY_PHASE_STRIP = NO;
				DEBUG_INFORMATION_FORMAT = dwarf;
				ENABLE_STRICT_OBJC_MSGSEND = YES;
				ENABLE_TESTABILITY = YES;
				GCC_C_LANGUAGE_STANDARD = gnu99;
				GCC_DYNAMIC_NO_PIC = NO;
				GCC_NO_COMMON_BLOCKS = YES;
				GCC_OPTIMIZATION_LEVEL = 0;
				GCC_PREPROCESSOR_DEFINITIONS = (
					"DEBUG=1",
					"$(inherited)",
				);
				GCC_WARN_64_TO_32_BIT_CONVERSION = YES;
				GCC_WARN_ABOUT_RETURN_TYPE = YES_ERROR;
				GCC_WARN_UNDECLARED_SELECTOR = YES;
				GCC_WARN_UNINITIALIZED_AUTOS = YES_AGGRESSIVE;
				GCC_WARN_UNUSED_FUNCTION = YES;
				GCC_WARN_UNUSED_VARIABLE = YES;
				IPHONEOS_DEPLOYMENT_TARGET = 10.3;
				MTL_ENABLE_DEBUG_INFO = YES;
				ONLY_ACTIVE_ARCH = YES;
				SDKROOT = iphoneos;
				SWIFT_ACTIVE_COMPILATION_CONDITIONS = DEBUG;
				SWIFT_OPTIMIZATION_LEVEL = "-Onone";
				TARGETED_DEVICE_FAMILY = "1,2";
			};
			name = Debug;
		};
		FF48EF001EE9E86A00EF8F83 /* Release */ = {
			isa = XCBuildConfiguration;
			buildSettings = {
				ALWAYS_SEARCH_USER_PATHS = NO;
				CLANG_ANALYZER_NONNULL = YES;
				CLANG_ANALYZER_NUMBER_OBJECT_CONVERSION = YES_AGGRESSIVE;
				CLANG_CXX_LANGUAGE_STANDARD = "gnu++0x";
				CLANG_CXX_LIBRARY = "libc++";
				CLANG_ENABLE_MODULES = YES;
				CLANG_ENABLE_OBJC_ARC = YES;
				CLANG_WARN_BOOL_CONVERSION = YES;
				CLANG_WARN_CONSTANT_CONVERSION = YES;
				CLANG_WARN_DIRECT_OBJC_ISA_USAGE = YES_ERROR;
				CLANG_WARN_DOCUMENTATION_COMMENTS = YES;
				CLANG_WARN_EMPTY_BODY = YES;
				CLANG_WARN_ENUM_CONVERSION = YES;
				CLANG_WARN_INFINITE_RECURSION = YES;
				CLANG_WARN_INT_CONVERSION = YES;
				CLANG_WARN_OBJC_ROOT_CLASS = YES_ERROR;
				CLANG_WARN_SUSPICIOUS_MOVE = YES;
				CLANG_WARN_UNREACHABLE_CODE = YES;
				CLANG_WARN__DUPLICATE_METHOD_MATCH = YES;
				"CODE_SIGN_IDENTITY[sdk=iphoneos*]" = "iPhone Developer";
				COPY_PHASE_STRIP = NO;
				DEBUG_INFORMATION_FORMAT = "dwarf-with-dsym";
				ENABLE_NS_ASSERTIONS = NO;
				ENABLE_STRICT_OBJC_MSGSEND = YES;
				GCC_C_LANGUAGE_STANDARD = gnu99;
				GCC_NO_COMMON_BLOCKS = YES;
				GCC_WARN_64_TO_32_BIT_CONVERSION = YES;
				GCC_WARN_ABOUT_RETURN_TYPE = YES_ERROR;
				GCC_WARN_UNDECLARED_SELECTOR = YES;
				GCC_WARN_UNINITIALIZED_AUTOS = YES_AGGRESSIVE;
				GCC_WARN_UNUSED_FUNCTION = YES;
				GCC_WARN_UNUSED_VARIABLE = YES;
				IPHONEOS_DEPLOYMENT_TARGET = 10.3;
				MTL_ENABLE_DEBUG_INFO = NO;
				SDKROOT = iphoneos;
				SWIFT_OPTIMIZATION_LEVEL = "-Owholemodule";
				TARGETED_DEVICE_FAMILY = "1,2";
				VALIDATE_PRODUCT = YES;
			};
			name = Release;
		};
		FF48EF021EE9E86A00EF8F83 /* Debug */ = {
			isa = XCBuildConfiguration;
			buildSettings = {
				ASSETCATALOG_COMPILER_APPICON_NAME = AppIcon;
				INFOPLIST_FILE = "Farsi Calculator/Info.plist";
				LD_RUNPATH_SEARCH_PATHS = "$(inherited) @executable_path/Frameworks";
				PRODUCT_BUNDLE_IDENTIFIER = "iOS.Farsi-Calculator";
				PRODUCT_NAME = "$(TARGET_NAME)";
				SWIFT_VERSION = 3.0;
			};
			name = Debug;
		};
		FF48EF031EE9E86A00EF8F83 /* Release */ = {
			isa = XCBuildConfiguration;
			buildSettings = {
				ASSETCATALOG_COMPILER_APPICON_NAME = AppIcon;
				INFOPLIST_FILE = "Farsi Calculator/Info.plist";
				LD_RUNPATH_SEARCH_PATHS = "$(inherited) @executable_path/Frameworks";
				PRODUCT_BUNDLE_IDENTIFIER = "iOS.Farsi-Calculator";
				PRODUCT_NAME = "$(TARGET_NAME)";
				SWIFT_VERSION = 3.0;
			};
			name = Release;
		};
		FF48EF051EE9E86A00EF8F83 /* Debug */ = {
			isa = XCBuildConfiguration;
			buildSettings = {
				ALWAYS_EMBED_SWIFT_STANDARD_LIBRARIES = YES;
				BUNDLE_LOADER = "$(TEST_HOST)";
				INFOPLIST_FILE = "Farsi CalculatorTests/Info.plist";
				LD_RUNPATH_SEARCH_PATHS = "$(inherited) @executable_path/Frameworks @loader_path/Frameworks";
				PRODUCT_BUNDLE_IDENTIFIER = "iOS.Farsi-CalculatorTests";
				PRODUCT_NAME = "$(TARGET_NAME)";
				SWIFT_VERSION = 3.0;
				TEST_HOST = "$(BUILT_PRODUCTS_DIR)/Farsi Calculator.app/Farsi Calculator";
			};
			name = Debug;
		};
		FF48EF061EE9E86A00EF8F83 /* Release */ = {
			isa = XCBuildConfiguration;
			buildSettings = {
				ALWAYS_EMBED_SWIFT_STANDARD_LIBRARIES = YES;
				BUNDLE_LOADER = "$(TEST_HOST)";
				INFOPLIST_FILE = "Farsi CalculatorTests/Info.plist";
				LD_RUNPATH_SEARCH_PATHS = "$(inherited) @executable_path/Frameworks @loader_path/Frameworks";
				PRODUCT_BUNDLE_IDENTIFIER = "iOS.Farsi-CalculatorTests";
				PRODUCT_NAME = "$(TARGET_NAME)";
				SWIFT_VERSION = 3.0;
				TEST_HOST = "$(BUILT_PRODUCTS_DIR)/Farsi Calculator.app/Farsi Calculator";
			};
			name = Release;
		};
		FF48EF081EE9E86A00EF8F83 /* Debug */ = {
			isa = XCBuildConfiguration;
			buildSettings = {
				ALWAYS_EMBED_SWIFT_STANDARD_LIBRARIES = YES;
				INFOPLIST_FILE = "Farsi CalculatorUITests/Info.plist";
				LD_RUNPATH_SEARCH_PATHS = "$(inherited) @executable_path/Frameworks @loader_path/Frameworks";
				PRODUCT_BUNDLE_IDENTIFIER = "iOS.Farsi-CalculatorUITests";
				PRODUCT_NAME = "$(TARGET_NAME)";
				SWIFT_VERSION = 3.0;
				TEST_TARGET_NAME = "Farsi Calculator";
			};
			name = Debug;
		};
		FF48EF091EE9E86A00EF8F83 /* Release */ = {
			isa = XCBuildConfiguration;
			buildSettings = {
				ALWAYS_EMBED_SWIFT_STANDARD_LIBRARIES = YES;
				INFOPLIST_FILE = "Farsi CalculatorUITests/Info.plist";
				LD_RUNPATH_SEARCH_PATHS = "$(inherited) @executable_path/Frameworks @loader_path/Frameworks";
				PRODUCT_BUNDLE_IDENTIFIER = "iOS.Farsi-CalculatorUITests";
				PRODUCT_NAME = "$(TARGET_NAME)";
				SWIFT_VERSION = 3.0;
				TEST_TARGET_NAME = "Farsi Calculator";
			};
			name = Release;
		};
/* End XCBuildConfiguration section */

/* Begin XCConfigurationList section */
		FF48EED41EE9E86A00EF8F83 /* Build configuration list for PBXProject "Farsi Calculator" */ = {
			isa = XCConfigurationList;
			buildConfigurations = (
				FF48EEFF1EE9E86A00EF8F83 /* Debug */,
				FF48EF001EE9E86A00EF8F83 /* Release */,
			);
			defaultConfigurationIsVisible = 0;
			defaultConfigurationName = Release;
		};
		FF48EF011EE9E86A00EF8F83 /* Build configuration list for PBXNativeTarget "Farsi Calculator" */ = {
			isa = XCConfigurationList;
			buildConfigurations = (
				FF48EF021EE9E86A00EF8F83 /* Debug */,
				FF48EF031EE9E86A00EF8F83 /* Release */,
			);
			defaultConfigurationIsVisible = 0;
		};
		FF48EF041EE9E86A00EF8F83 /* Build configuration list for PBXNativeTarget "Farsi CalculatorTests" */ = {
			isa = XCConfigurationList;
			buildConfigurations = (
				FF48EF051EE9E86A00EF8F83 /* Debug */,
				FF48EF061EE9E86A00EF8F83 /* Release */,
			);
			defaultConfigurationIsVisible = 0;
		};
		FF48EF071EE9E86A00EF8F83 /* Build configuration list for PBXNativeTarget "Farsi CalculatorUITests" */ = {
			isa = XCConfigurationList;
			buildConfigurations = (
				FF48EF081EE9E86A00EF8F83 /* Debug */,
				FF48EF091EE9E86A00EF8F83 /* Release */,
			);
			defaultConfigurationIsVisible = 0;
		};
/* End XCConfigurationList section */
	};
	rootObject = FF48EED11EE9E86A00EF8F83 /* Project object */;
}
